
Microsoft Visual Studio Solution File, Format Version 12.00
# Visual Studio 15
VisualStudioVersion = 15.0.27428.2037
MinimumVisualStudioVersion = 10.0.40219.1
Project("{FAE04EC0-301F-11D3-BF4B-00C04F79EFBC}") = "CircularArrayRotation", "CircularArrayRotation\CircularArrayRotation.csproj", "{5864A314-0E07-4B98-BB44-CB071768FE8A}"
EndProject
Global
	GlobalSection(SolutionConfigurationPlatforms) = preSolution
		Debug|Any CPU = Debug|Any CPU
		Release|Any CPU = Release|Any CPU
	EndGlobalSection
	GlobalSection(ProjectConfigurationPlatforms) = postSolution
		{5864A314-0E07-4B98-BB44-CB071768FE8A}.Debug|Any CPU.ActiveCfg = Debug|Any CPU
		{5864A314-0E07-4B98-BB44-CB071768FE8A}.Debug|Any CPU.Build.0 = Debug|Any CPU
		{5864A314-0E07-4B98-BB44-CB071768FE8A}.Release|Any CPU.ActiveCfg = Release|Any CPU
		{5864A314-0E07-4B98-BB44-CB071768FE8A}.Release|Any CPU.Build.0 = Release|Any CPU
	EndGlobalSection
	GlobalSection(SolutionProperties) = preSolution
		HideSolutionNode = FALSE
	EndGlobalSection
	GlobalSection(ExtensibilityGlobals) = postSolution
		SolutionGuid = {6889E298-6CB7-42A0-91F2-73620ADAAA7A}
	EndGlobalSection
EndGlobal
