
Microsoft Visual Studio Solution File, Format Version 12.00
# Visual Studio 15
VisualStudioVersion = 15.0.27428.2037
MinimumVisualStudioVersion = 10.0.40219.1
Project("{FAE04EC0-301F-11D3-BF4B-00C04F79EFBC}") = "Sorting Bubble Sort", "Sorting Bubble Sort\Sorting Bubble Sort.csproj", "{A72C4316-497D-4B08-9F03-06150D431CF1}"
EndProject
Global
	GlobalSection(SolutionConfigurationPlatforms) = preSolution
		Debug|Any CPU = Debug|Any CPU
		Release|Any CPU = Release|Any CPU
	EndGlobalSection
	GlobalSection(ProjectConfigurationPlatforms) = postSolution
		{A72C4316-497D-4B08-9F03-06150D431CF1}.Debug|Any CPU.ActiveCfg = Debug|Any CPU
		{A72C4316-497D-4B08-9F03-06150D431CF1}.Debug|Any CPU.Build.0 = Debug|Any CPU
		{A72C4316-497D-4B08-9F03-06150D431CF1}.Release|Any CPU.ActiveCfg = Release|Any CPU
		{A72C4316-497D-4B08-9F03-06150D431CF1}.Release|Any CPU.Build.0 = Release|Any CPU
	EndGlobalSection
	GlobalSection(SolutionProperties) = preSolution
		HideSolutionNode = FALSE
	EndGlobalSection
	GlobalSection(ExtensibilityGlobals) = postSolution
		SolutionGuid = {F62A248A-0470-4995-B1E3-C86ED7628559}
	EndGlobalSection
EndGlobal
