
Microsoft Visual Studio Solution File, Format Version 12.00
# Visual Studio 15
VisualStudioVersion = 15.0.27428.2037
MinimumVisualStudioVersion = 10.0.40219.1
Project("{FAE04EC0-301F-11D3-BF4B-00C04F79EFBC}") = "Equalize the Array", "Equalize the Array\Equalize the Array.csproj", "{1F8E5139-AE3D-4D2E-BEDE-D0B10AD1D999}"
EndProject
Global
	GlobalSection(SolutionConfigurationPlatforms) = preSolution
		Debug|Any CPU = Debug|Any CPU
		Release|Any CPU = Release|Any CPU
	EndGlobalSection
	GlobalSection(ProjectConfigurationPlatforms) = postSolution
		{1F8E5139-AE3D-4D2E-BEDE-D0B10AD1D999}.Debug|Any CPU.ActiveCfg = Debug|Any CPU
		{1F8E5139-AE3D-4D2E-BEDE-D0B10AD1D999}.Debug|Any CPU.Build.0 = Debug|Any CPU
		{1F8E5139-AE3D-4D2E-BEDE-D0B10AD1D999}.Release|Any CPU.ActiveCfg = Release|Any CPU
		{1F8E5139-AE3D-4D2E-BEDE-D0B10AD1D999}.Release|Any CPU.Build.0 = Release|Any CPU
	EndGlobalSection
	GlobalSection(SolutionProperties) = preSolution
		HideSolutionNode = FALSE
	EndGlobalSection
	GlobalSection(ExtensibilityGlobals) = postSolution
		SolutionGuid = {95BAD088-BD9A-4038-8730-5483DEC9A9E6}
	EndGlobalSection
EndGlobal
