
Microsoft Visual Studio Solution File, Format Version 12.00
# Visual Studio 15
VisualStudioVersion = 15.0.27428.2037
MinimumVisualStudioVersion = 10.0.40219.1
Project("{FAE04EC0-301F-11D3-BF4B-00C04F79EFBC}") = "MinimumDistances", "MinimumDistances\MinimumDistances.csproj", "{0C7AEFE3-3209-4389-A5C3-426DD1E58045}"
EndProject
Global
	GlobalSection(SolutionConfigurationPlatforms) = preSolution
		Debug|Any CPU = Debug|Any CPU
		Release|Any CPU = Release|Any CPU
	EndGlobalSection
	GlobalSection(ProjectConfigurationPlatforms) = postSolution
		{0C7AEFE3-3209-4389-A5C3-426DD1E58045}.Debug|Any CPU.ActiveCfg = Debug|Any CPU
		{0C7AEFE3-3209-4389-A5C3-426DD1E58045}.Debug|Any CPU.Build.0 = Debug|Any CPU
		{0C7AEFE3-3209-4389-A5C3-426DD1E58045}.Release|Any CPU.ActiveCfg = Release|Any CPU
		{0C7AEFE3-3209-4389-A5C3-426DD1E58045}.Release|Any CPU.Build.0 = Release|Any CPU
	EndGlobalSection
	GlobalSection(SolutionProperties) = preSolution
		HideSolutionNode = FALSE
	EndGlobalSection
	GlobalSection(ExtensibilityGlobals) = postSolution
		SolutionGuid = {CE3CD4DC-546C-467B-AD8D-5169BB793E74}
	EndGlobalSection
EndGlobal
